
Microsoft Visual Studio Solution File, Format Version 12.00
# Visual Studio 15
VisualStudioVersion = 15.0.28307.168
MinimumVisualStudioVersion = 10.0.40219.1
Project("{8BC9CEB8-8B4A-11D0-8D11-00A0C91BC942}") = "ConsoleApplication2", "ConsoleApplication2\ConsoleApplication2.vcxproj", "{099CA71B-3947-4322-AA5A-1BC33100BB2D}"
EndProject
Global
	GlobalSection(SolutionConfigurationPlatforms) = preSolution
		Debug|x64 = Debug|x64
		Debug|x86 = Debug|x86
		Release|x64 = Release|x64
		Release|x86 = Release|x86
	EndGlobalSection
	GlobalSection(ProjectConfigurationPlatforms) = postSolution
		{099CA71B-3947-4322-AA5A-1BC33100BB2D}.Debug|x64.ActiveCfg = Debug|x64
		{099CA71B-3947-4322-AA5A-1BC33100BB2D}.Debug|x64.Build.0 = Debug|x64
		{099CA71B-3947-4322-AA5A-1BC33100BB2D}.Debug|x86.ActiveCfg = Debug|Win32
		{099CA71B-3947-4322-AA5A-1BC33100BB2D}.Debug|x86.Build.0 = Debug|Win32
		{099CA71B-3947-4322-AA5A-1BC33100BB2D}.Release|x64.ActiveCfg = Release|x64
		{099CA71B-3947-4322-AA5A-1BC33100BB2D}.Release|x64.Build.0 = Release|x64
		{099CA71B-3947-4322-AA5A-1BC33100BB2D}.Release|x86.ActiveCfg = Release|Win32
		{099CA71B-3947-4322-AA5A-1BC33100BB2D}.Release|x86.Build.0 = Release|Win32
	EndGlobalSection
	GlobalSection(SolutionProperties) = preSolution
		HideSolutionNode = FALSE
	EndGlobalSection
	GlobalSection(ExtensibilityGlobals) = postSolution
		SolutionGuid = {97AE4FC7-6C66-4829-8F1D-FAAAB3DCB01E}
	EndGlobalSection
EndGlobal
